
Microsoft Visual Studio Solution File, Format Version 12.00
# Visual Studio Version 17
VisualStudioVersion = 17.7.34221.43
MinimumVisualStudioVersion = 10.0.40219.1
Project("{FAE04EC0-301F-11D3-BF4B-00C04F79EFBC}") = "e_commerce", "e_commerce\e_commerce.csproj", "{8ECA3CEA-DC09-467F-BF2E-096B285CC8B1}"
EndProject
Global
	GlobalSection(SolutionConfigurationPlatforms) = preSolution
		Debug|Any CPU = Debug|Any CPU
		Release|Any CPU = Release|Any CPU
	EndGlobalSection
	GlobalSection(ProjectConfigurationPlatforms) = postSolution
		{8ECA3CEA-DC09-467F-BF2E-096B285CC8B1}.Debug|Any CPU.ActiveCfg = Debug|Any CPU
		{8ECA3CEA-DC09-467F-BF2E-096B285CC8B1}.Debug|Any CPU.Build.0 = Debug|Any CPU
		{8ECA3CEA-DC09-467F-BF2E-096B285CC8B1}.Release|Any CPU.ActiveCfg = Release|Any CPU
		{8ECA3CEA-DC09-467F-BF2E-096B285CC8B1}.Release|Any CPU.Build.0 = Release|Any CPU
	EndGlobalSection
	GlobalSection(SolutionProperties) = preSolution
		HideSolutionNode = FALSE
	EndGlobalSection
	GlobalSection(ExtensibilityGlobals) = postSolution
		SolutionGuid = {C4410D5E-7DA4-4550-8A22-FB684C9A7D73}
	EndGlobalSection
EndGlobal
